{
    "_meta": {
        "hash": {
            "sha256": "61098c82c607a3df3ef4942c71a8f0cc9ab98c74fe53851e75c9790994baf2ba"
        },
        "pipfile-spec": 6,
        "requires": {
            "python_version": "3.6"
        },
        "sources": [
            {
                "name": "pypi",
                "url": "https://mirrors.aliyun.com/pypi/simple",
                "verify_ssl": true
            }
        ]
    },
    "default": {
        "amqp": {
            "hashes": [
                "sha256:4e28d3ea61a64ae61830000c909662cb053642efddbe96503db0e7783a6ee85b",
                "sha256:cba1ace9d4ff6049b190d8b7991f9c1006b443a5238021aca96dd6ad2ac9da22"
            ],
            "version": "==2.2.2"
        },
        "billiard": {
            "hashes": [
                "sha256:1d7b22bdc47aa52841120fcd22a74ae4fc8c13e9d3935643098184f5788c3ce6",
                "sha256:abd9ce008c9a71ccde2c816f8daa36246e92a21e6a799831b887d88277187ecd"
            ],
            "version": "==3.5.0.3"
        },
        "celery": {
            "hashes": [
                "sha256:0e5b7e0d7f03aa02061abfd27aa9da05b6740281ca1f5228a54fbf7fe74d8afa",
                "sha256:e3d5a6c56a73ff8f2ddd4d06dc37f4c2afe4bb4da7928b884d0725ea865ef54d"
            ],
            "version": "==4.0.2"
        },
        "django": {
            "hashes": [
                "sha256:3c5b070482df4f9e5750539dc1824d353729ee423fd410c579b8cd3dea5b0617",
                "sha256:cbd3944599086518cdcf3235e90230c8b8a9c5476b20447ee57b313dba14f67a"
            ],
            "version": "==1.11.2"
        },
        "django-celery-results": {
            "hashes": [
                "sha256:8bca2605eeff4418be7ce428a6958d64bee0f5bdf1f8e563fbc09a9e2f3d990f",
                "sha256:dfa240fb535a1a2d01c9e605ad71629909318eae6b893c5009eafd7265fde10b"
            ],
            "version": "==1.0.1"
        },
        "kombu": {
            "hashes": [
                "sha256:01f0da9fe222a2183345004243d1518c0fbe5875955f1b24842f2d9c65709ade",
                "sha256:4249d9dd9dbf1fcec471d1c2def20653c9310dd1a217272d77e4844f9d5273cb"
            ],
            "version": "==4.1.0"
        },
        "pytz": {
            "hashes": [
                "sha256:07edfc3d4d2705a20a6e99d97f0c4b61c800b8232dc1c04d87e8554f130148dd",
                "sha256:410bcd1d6409026fbaa65d9ed33bf6dd8b1e94a499e32168acfc7b332e4095c0"
            ],
            "version": "==2018.3"
        },
        "redis": {
            "hashes": [
                "sha256:8a1900a9f2a0a44ecf6e8b5eb3e967a9909dfed219ad66df094f27f7d6f330fb",
                "sha256:a22ca993cea2962dbb588f9f30d0015ac4afcc45bee27d3978c0dbe9e97c6c0f"
            ],
            "version": "==2.10.6"
        },
        "vine": {
            "hashes": [
                "sha256:52116d59bc45392af9fdd3b75ed98ae48a93e822cee21e5fda249105c59a7a72",
                "sha256:6849544be74ec3638e84d90bc1cf2e1e9224cc10d96cd4383ec3f69e9bce077b"
            ],
            "version": "==1.1.4"
        }
    },
    "develop": {}
}
